
Microsoft Visual Studio Solution File, Format Version 12.00
# Visual Studio Version 16
VisualStudioVersion = 16.0.31605.320
MinimumVisualStudioVersion = 10.0.40219.1
Project("{FAE04EC0-301F-11D3-BF4B-00C04F79EFBC}") = "ARSHIRWAD NEW", "ARSHIRWAD NEW.csproj", "{757AC1B3-0D94-4F72-B5BA-428BF7AC091A}"
EndProject
Global
	GlobalSection(SolutionConfigurationPlatforms) = preSolution
		Debug|Any CPU = Debug|Any CPU
		Release|Any CPU = Release|Any CPU
	EndGlobalSection
	GlobalSection(ProjectConfigurationPlatforms) = postSolution
		{757AC1B3-0D94-4F72-B5BA-428BF7AC091A}.Debug|Any CPU.ActiveCfg = Debug|Any CPU
		{757AC1B3-0D94-4F72-B5BA-428BF7AC091A}.Debug|Any CPU.Build.0 = Debug|Any CPU
		{757AC1B3-0D94-4F72-B5BA-428BF7AC091A}.Release|Any CPU.ActiveCfg = Release|Any CPU
		{757AC1B3-0D94-4F72-B5BA-428BF7AC091A}.Release|Any CPU.Build.0 = Release|Any CPU
	EndGlobalSection
	GlobalSection(SolutionProperties) = preSolution
		HideSolutionNode = FALSE
	EndGlobalSection
	GlobalSection(ExtensibilityGlobals) = postSolution
		SolutionGuid = {5296FDAF-A4ED-4639-B5C4-41C701BA0AB0}
	EndGlobalSection
EndGlobal
